
Microsoft Visual Studio Solution File, Format Version 12.00
# Visual Studio Version 17
VisualStudioVersion = 17.11.35222.181
MinimumVisualStudioVersion = 10.0.40219.1
Project("{FAE04EC0-301F-11D3-BF4B-00C04F79EFBC}") = "NurseLoginApp", "NurseLoginApp\NurseLoginApp.csproj", "{B8519AB2-95EF-4B84-BD11-E11AB4AEFEBB}"
EndProject
Global
	GlobalSection(SolutionConfigurationPlatforms) = preSolution
		Debug|Any CPU = Debug|Any CPU
		Release|Any CPU = Release|Any CPU
	EndGlobalSection
	GlobalSection(ProjectConfigurationPlatforms) = postSolution
		{B8519AB2-95EF-4B84-BD11-E11AB4AEFEBB}.Debug|Any CPU.ActiveCfg = Debug|Any CPU
		{B8519AB2-95EF-4B84-BD11-E11AB4AEFEBB}.Debug|Any CPU.Build.0 = Debug|Any CPU
		{B8519AB2-95EF-4B84-BD11-E11AB4AEFEBB}.Release|Any CPU.ActiveCfg = Release|Any CPU
		{B8519AB2-95EF-4B84-BD11-E11AB4AEFEBB}.Release|Any CPU.Build.0 = Release|Any CPU
	EndGlobalSection
	GlobalSection(SolutionProperties) = preSolution
		HideSolutionNode = FALSE
	EndGlobalSection
	GlobalSection(ExtensibilityGlobals) = postSolution
		SolutionGuid = {36059C59-FE23-4808-B47B-A3CA4AF6E88C}
	EndGlobalSection
EndGlobal
